
Microsoft Visual Studio Solution File, Format Version 12.00
# Visual Studio Version 16
VisualStudioVersion = 16.0.29319.158
MinimumVisualStudioVersion = 10.0.40219.1
Project("{9A19103F-16F7-4668-BE54-9A1E7A4F7556}") = "SW.Bus", "SW.Bus\SW.Bus.csproj", "{948E2316-F69B-48D6-B288-0ACB69E9E672}"
EndProject
Project("{9A19103F-16F7-4668-BE54-9A1E7A4F7556}") = "SW.Bus.UnitTests", "SW.Bus.UnitTests\SW.Bus.UnitTests.csproj", "{1A4F3456-31F2-46A6-BEC9-E97931572897}"
EndProject
Project("{9A19103F-16F7-4668-BE54-9A1E7A4F7556}") = "SW.Bus.SampleWeb", "SW.Bus.SampleWeb\SW.Bus.SampleWeb.csproj", "{2FB51BFB-82A8-40EF-8FEB-D9F12993F2E1}"
EndProject
Project("{2150E333-8FDC-42A3-9474-1A3956D46DE8}") = "Solution Items", "Solution Items", "{87805963-41CB-4438-8FB6-E4F35D70D8E6}"
	ProjectSection(SolutionItems) = preProject
		.editorconfig = .editorconfig
	EndProjectSection
EndProject
Global
	GlobalSection(SolutionConfigurationPlatforms) = preSolution
		Debug|Any CPU = Debug|Any CPU
		Release|Any CPU = Release|Any CPU
	EndGlobalSection
	GlobalSection(ProjectConfigurationPlatforms) = postSolution
		{948E2316-F69B-48D6-B288-0ACB69E9E672}.Debug|Any CPU.ActiveCfg = Debug|Any CPU
		{948E2316-F69B-48D6-B288-0ACB69E9E672}.Debug|Any CPU.Build.0 = Debug|Any CPU
		{948E2316-F69B-48D6-B288-0ACB69E9E672}.Release|Any CPU.ActiveCfg = Release|Any CPU
		{948E2316-F69B-48D6-B288-0ACB69E9E672}.Release|Any CPU.Build.0 = Release|Any CPU
		{1A4F3456-31F2-46A6-BEC9-E97931572897}.Debug|Any CPU.ActiveCfg = Debug|Any CPU
		{1A4F3456-31F2-46A6-BEC9-E97931572897}.Debug|Any CPU.Build.0 = Debug|Any CPU
		{1A4F3456-31F2-46A6-BEC9-E97931572897}.Release|Any CPU.ActiveCfg = Release|Any CPU
		{1A4F3456-31F2-46A6-BEC9-E97931572897}.Release|Any CPU.Build.0 = Release|Any CPU
		{2FB51BFB-82A8-40EF-8FEB-D9F12993F2E1}.Debug|Any CPU.ActiveCfg = Debug|Any CPU
		{2FB51BFB-82A8-40EF-8FEB-D9F12993F2E1}.Debug|Any CPU.Build.0 = Debug|Any CPU
		{2FB51BFB-82A8-40EF-8FEB-D9F12993F2E1}.Release|Any CPU.ActiveCfg = Release|Any CPU
		{2FB51BFB-82A8-40EF-8FEB-D9F12993F2E1}.Release|Any CPU.Build.0 = Release|Any CPU
	EndGlobalSection
	GlobalSection(SolutionProperties) = preSolution
		HideSolutionNode = FALSE
	EndGlobalSection
	GlobalSection(ExtensibilityGlobals) = postSolution
		SolutionGuid = {DF990E6B-FA19-4C14-B1C8-E263E904CD8F}
	EndGlobalSection
EndGlobal
